
Microsoft Visual Studio Solution File, Format Version 12.00
# Visual Studio Version 17
VisualStudioVersion = 17.13.35825.156
MinimumVisualStudioVersion = 10.0.40219.1
Project("{FAE04EC0-301F-11D3-BF4B-00C04F79EFBC}") = "QuickAccessPortal", "QuickAccessPortal\QuickAccessPortal.csproj", "{C0DF2BCD-AC6D-4E67-8F3B-CDAF70F1D31F}"
EndProject
Global
	GlobalSection(SolutionConfigurationPlatforms) = preSolution
		Debug|Any CPU = Debug|Any CPU
		Release|Any CPU = Release|Any CPU
	EndGlobalSection
	GlobalSection(ProjectConfigurationPlatforms) = postSolution
		{C0DF2BCD-AC6D-4E67-8F3B-CDAF70F1D31F}.Debug|Any CPU.ActiveCfg = Debug|Any CPU
		{C0DF2BCD-AC6D-4E67-8F3B-CDAF70F1D31F}.Debug|Any CPU.Build.0 = Debug|Any CPU
		{C0DF2BCD-AC6D-4E67-8F3B-CDAF70F1D31F}.Release|Any CPU.ActiveCfg = Release|Any CPU
		{C0DF2BCD-AC6D-4E67-8F3B-CDAF70F1D31F}.Release|Any CPU.Build.0 = Release|Any CPU
	EndGlobalSection
	GlobalSection(SolutionProperties) = preSolution
		HideSolutionNode = FALSE
	EndGlobalSection
	GlobalSection(ExtensibilityGlobals) = postSolution
		SolutionGuid = {B6E913EA-8CF8-45E3-AB3E-6BA2C8BD68FB}
	EndGlobalSection
EndGlobal
